// !$*UTF8*$!
{
	archiveVersion = 1;
	classes = {
	};
	objectVersion = 56;
	objects = {

/* Begin PBXBuildFile section */
		B68DA09A2C5F92C1003EA4F2 /* IndexPageViewController.swift in Sources */ = {isa = PBXBuildFile; fileRef = B68DA0992C5F92C1003EA4F2 /* IndexPageViewController.swift */; };
		B68DA09E2C5FAC5B003EA4F2 /* HomeMainViewCtrl.swift in Sources */ = {isa = PBXBuildFile; fileRef = B68DA09D2C5FAC5B003EA4F2 /* HomeMainViewCtrl.swift */; };
		B6A3CDBB2C5DD4B40001095A /* AppDelegate.swift in Sources */ = {isa = PBXBuildFile; fileRef = B6A3CDBA2C5DD4B40001095A /* AppDelegate.swift */; };
		B6A3CDBD2C5DD4B40001095A /* SceneDelegate.swift in Sources */ = {isa = PBXBuildFile; fileRef = B6A3CDBC2C5DD4B40001095A /* SceneDelegate.swift */; };
		B6A3CDBF2C5DD4B40001095A /* ViewController.swift in Sources */ = {isa = PBXBuildFile; fileRef = B6A3CDBE2C5DD4B40001095A /* ViewController.swift */; };
		B6A3CDC22C5DD4B40001095A /* Base in Resources */ = {isa = PBXBuildFile; fileRef = B6A3CDC12C5DD4B40001095A /* Base */; };
		B6A3CDC52C5DD4B40001095A /* FlashMan.xcdatamodeld in Sources */ = {isa = PBXBuildFile; fileRef = B6A3CDC32C5DD4B40001095A /* FlashMan.xcdatamodeld */; };
		B6A3CDC72C5DD4B60001095A /* Assets.xcassets in Resources */ = {isa = PBXBuildFile; fileRef = B6A3CDC62C5DD4B60001095A /* Assets.xcassets */; };
		B6A3CDCA2C5DD4B60001095A /* Base in Resources */ = {isa = PBXBuildFile; fileRef = B6A3CDC92C5DD4B60001095A /* Base */; };
		B6A3CDD22C5E2D120001095A /* HomeUITabbarController.swift in Sources */ = {isa = PBXBuildFile; fileRef = B6A3CDD12C5E2D120001095A /* HomeUITabbarController.swift */; };
		B6FF53C92C6747AA00A42716 /* HomeContentPageViewCtl.swift in Sources */ = {isa = PBXBuildFile; fileRef = B6FF53C82C6747A900A42716 /* HomeContentPageViewCtl.swift */; };
		B6FF53CB2C676E7800A42716 /* MakeMoneyViewController.swift in Sources */ = {isa = PBXBuildFile; fileRef = B6FF53CA2C676E7800A42716 /* MakeMoneyViewController.swift */; };
		B6FF53CD2C676ECC00A42716 /* MakeMoneyHeaderViewController.swift in Sources */ = {isa = PBXBuildFile; fileRef = B6FF53CC2C676ECC00A42716 /* MakeMoneyHeaderViewController.swift */; };
		B6FF53CF2C676F7200A42716 /* MakeMoneyAdListViewContoller.swift in Sources */ = {isa = PBXBuildFile; fileRef = B6FF53CE2C676F7200A42716 /* MakeMoneyAdListViewContoller.swift */; };
		B6FF53D12C677AD400A42716 /* TestUIViewContoller.swift in Sources */ = {isa = PBXBuildFile; fileRef = B6FF53D02C677AD400A42716 /* TestUIViewContoller.swift */; };
		B6FF53D42C6877A000A42716 /* AddTaskModel.swift in Sources */ = {isa = PBXBuildFile; fileRef = B6FF53D32C6877A000A42716 /* AddTaskModel.swift */; };
		B6FF53D62C68783800A42716 /* AdEntity.swift in Sources */ = {isa = PBXBuildFile; fileRef = B6FF53D52C68783800A42716 /* AdEntity.swift */; };
		B6FF53D82C68CFF600A42716 /* TaskDetailController.swift in Sources */ = {isa = PBXBuildFile; fileRef = B6FF53D72C68CFF600A42716 /* TaskDetailController.swift */; };
		B6FF53DB2C690B6F00A42716 /* NetworkManager.swift in Sources */ = {isa = PBXBuildFile; fileRef = B6FF53DA2C690B6F00A42716 /* NetworkManager.swift */; };
		B6FF53DE2C69105400A42716 /* DataCollection.swift in Sources */ = {isa = PBXBuildFile; fileRef = B6FF53DD2C69105400A42716 /* DataCollection.swift */; };
		B6FF53E12C69127400A42716 /* ThreadFactory.swift in Sources */ = {isa = PBXBuildFile; fileRef = B6FF53E02C69127400A42716 /* ThreadFactory.swift */; };
/* End PBXBuildFile section */

/* Begin PBXFileReference section */
		B68DA0992C5F92C1003EA4F2 /* IndexPageViewController.swift */ = {isa = PBXFileReference; lastKnownFileType = sourcecode.swift; path = IndexPageViewController.swift; sourceTree = "<group>"; };
		B68DA09D2C5FAC5B003EA4F2 /* HomeMainViewCtrl.swift */ = {isa = PBXFileReference; lastKnownFileType = sourcecode.swift; path = HomeMainViewCtrl.swift; sourceTree = "<group>"; };
		B6A3CDB72C5DD4B40001095A /* FlashMan.app */ = {isa = PBXFileReference; explicitFileType = wrapper.application; includeInIndex = 0; path = FlashMan.app; sourceTree = BUILT_PRODUCTS_DIR; };
		B6A3CDBA2C5DD4B40001095A /* AppDelegate.swift */ = {isa = PBXFileReference; lastKnownFileType = sourcecode.swift; path = AppDelegate.swift; sourceTree = "<group>"; };
		B6A3CDBC2C5DD4B40001095A /* SceneDelegate.swift */ = {isa = PBXFileReference; lastKnownFileType = sourcecode.swift; path = SceneDelegate.swift; sourceTree = "<group>"; };
		B6A3CDBE2C5DD4B40001095A /* ViewController.swift */ = {isa = PBXFileReference; lastKnownFileType = sourcecode.swift; path = ViewController.swift; sourceTree = "<group>"; };
		B6A3CDC12C5DD4B40001095A /* Base */ = {isa = PBXFileReference; lastKnownFileType = file.storyboard; name = Base; path = Base.lproj/Main.storyboard; sourceTree = "<group>"; };
		B6A3CDC42C5DD4B40001095A /* FlashMan.xcdatamodel */ = {isa = PBXFileReference; lastKnownFileType = wrapper.xcdatamodel; path = FlashMan.xcdatamodel; sourceTree = "<group>"; };
		B6A3CDC62C5DD4B60001095A /* Assets.xcassets */ = {isa = PBXFileReference; lastKnownFileType = folder.assetcatalog; path = Assets.xcassets; sourceTree = "<group>"; };
		B6A3CDC92C5DD4B60001095A /* Base */ = {isa = PBXFileReference; lastKnownFileType = file.storyboard; name = Base; path = Base.lproj/LaunchScreen.storyboard; sourceTree = "<group>"; };
		B6A3CDCB2C5DD4B60001095A /* Info.plist */ = {isa = PBXFileReference; lastKnownFileType = text.plist.xml; path = Info.plist; sourceTree = "<group>"; };
		B6A3CDD12C5E2D120001095A /* HomeUITabbarController.swift */ = {isa = PBXFileReference; lastKnownFileType = sourcecode.swift; path = HomeUITabbarController.swift; sourceTree = "<group>"; };
		B6FF53C82C6747A900A42716 /* HomeContentPageViewCtl.swift */ = {isa = PBXFileReference; lastKnownFileType = sourcecode.swift; path = HomeContentPageViewCtl.swift; sourceTree = "<group>"; };
		B6FF53CA2C676E7800A42716 /* MakeMoneyViewController.swift */ = {isa = PBXFileReference; lastKnownFileType = sourcecode.swift; path = MakeMoneyViewController.swift; sourceTree = "<group>"; };
		B6FF53CC2C676ECC00A42716 /* MakeMoneyHeaderViewController.swift */ = {isa = PBXFileReference; lastKnownFileType = sourcecode.swift; path = MakeMoneyHeaderViewController.swift; sourceTree = "<group>"; };
		B6FF53CE2C676F7200A42716 /* MakeMoneyAdListViewContoller.swift */ = {isa = PBXFileReference; lastKnownFileType = sourcecode.swift; path = MakeMoneyAdListViewContoller.swift; sourceTree = "<group>"; };
		B6FF53D02C677AD400A42716 /* TestUIViewContoller.swift */ = {isa = PBXFileReference; lastKnownFileType = sourcecode.swift; path = TestUIViewContoller.swift; sourceTree = "<group>"; };
		B6FF53D32C6877A000A42716 /* AddTaskModel.swift */ = {isa = PBXFileReference; lastKnownFileType = sourcecode.swift; path = AddTaskModel.swift; sourceTree = "<group>"; };
		B6FF53D52C68783800A42716 /* AdEntity.swift */ = {isa = PBXFileReference; lastKnownFileType = sourcecode.swift; path = AdEntity.swift; sourceTree = "<group>"; };
		B6FF53D72C68CFF600A42716 /* TaskDetailController.swift */ = {isa = PBXFileReference; lastKnownFileType = sourcecode.swift; path = TaskDetailController.swift; sourceTree = "<group>"; };
		B6FF53DA2C690B6F00A42716 /* NetworkManager.swift */ = {isa = PBXFileReference; lastKnownFileType = sourcecode.swift; path = NetworkManager.swift; sourceTree = "<group>"; };
		B6FF53DD2C69105400A42716 /* DataCollection.swift */ = {isa = PBXFileReference; lastKnownFileType = sourcecode.swift; path = DataCollection.swift; sourceTree = "<group>"; };
		B6FF53E02C69127400A42716 /* ThreadFactory.swift */ = {isa = PBXFileReference; lastKnownFileType = sourcecode.swift; path = ThreadFactory.swift; sourceTree = "<group>"; };
/* End PBXFileReference section */

/* Begin PBXFrameworksBuildPhase section */
		B6A3CDB42C5DD4B40001095A /* Frameworks */ = {
			isa = PBXFrameworksBuildPhase;
			buildActionMask = 2147483647;
			files = (
			);
			runOnlyForDeploymentPostprocessing = 0;
		};
/* End PBXFrameworksBuildPhase section */

/* Begin PBXGroup section */
		B6A3CDAE2C5DD4B40001095A = {
			isa = PBXGroup;
			children = (
				B6A3CDB92C5DD4B40001095A /* FlashMan */,
				B6A3CDB82C5DD4B40001095A /* Products */,
			);
			sourceTree = "<group>";
		};
		B6A3CDB82C5DD4B40001095A /* Products */ = {
			isa = PBXGroup;
			children = (
				B6A3CDB72C5DD4B40001095A /* FlashMan.app */,
			);
			name = Products;
			sourceTree = "<group>";
		};
		B6A3CDB92C5DD4B40001095A /* FlashMan */ = {
			isa = PBXGroup;
			children = (
				B6FF53DF2C69122900A42716 /* threads */,
				B6FF53D92C690B4B00A42716 /* network */,
				B6FF53D22C68775A00A42716 /* data */,
				B6A3CDBA2C5DD4B40001095A /* AppDelegate.swift */,
				B6A3CDD12C5E2D120001095A /* HomeUITabbarController.swift */,
				B6A3CDBC2C5DD4B40001095A /* SceneDelegate.swift */,
				B6A3CDBE2C5DD4B40001095A /* ViewController.swift */,
				B6A3CDC02C5DD4B40001095A /* Main.storyboard */,
				B6A3CDC62C5DD4B60001095A /* Assets.xcassets */,
				B6A3CDC82C5DD4B60001095A /* LaunchScreen.storyboard */,
				B6A3CDCB2C5DD4B60001095A /* Info.plist */,
				B6A3CDC32C5DD4B40001095A /* FlashMan.xcdatamodeld */,
				B6FF53D72C68CFF600A42716 /* TaskDetailController.swift */,
				B68DA0992C5F92C1003EA4F2 /* IndexPageViewController.swift */,
				B68DA09D2C5FAC5B003EA4F2 /* HomeMainViewCtrl.swift */,
				B6FF53C82C6747A900A42716 /* HomeContentPageViewCtl.swift */,
				B6FF53CA2C676E7800A42716 /* MakeMoneyViewController.swift */,
				B6FF53CE2C676F7200A42716 /* MakeMoneyAdListViewContoller.swift */,
				B6FF53CC2C676ECC00A42716 /* MakeMoneyHeaderViewController.swift */,
				B6FF53D02C677AD400A42716 /* TestUIViewContoller.swift */,
			);
			path = FlashMan;
			sourceTree = "<group>";
		};
		B6FF53D22C68775A00A42716 /* data */ = {
			isa = PBXGroup;
			children = (
				B6FF53DC2C69101E00A42716 /* New Group */,
				B6FF53D32C6877A000A42716 /* AddTaskModel.swift */,
				B6FF53D52C68783800A42716 /* AdEntity.swift */,
				B6FF53DD2C69105400A42716 /* DataCollection.swift */,
			);
			path = data;
			sourceTree = "<group>";
		};
		B6FF53D92C690B4B00A42716 /* network */ = {
			isa = PBXGroup;
			children = (
				B6FF53DA2C690B6F00A42716 /* NetworkManager.swift */,
			);
			path = network;
			sourceTree = "<group>";
		};
		B6FF53DC2C69101E00A42716 /* New Group */ = {
			isa = PBXGroup;
			children = (
			);
			path = "New Group";
			sourceTree = "<group>";
		};
		B6FF53DF2C69122900A42716 /* threads */ = {
			isa = PBXGroup;
			children = (
				B6FF53E02C69127400A42716 /* ThreadFactory.swift */,
			);
			path = threads;
			sourceTree = "<group>";
		};
/* End PBXGroup section */

/* Begin PBXNativeTarget section */
		B6A3CDB62C5DD4B40001095A /* FlashMan */ = {
			isa = PBXNativeTarget;
			buildConfigurationList = B6A3CDCE2C5DD4B60001095A /* Build configuration list for PBXNativeTarget "FlashMan" */;
			buildPhases = (
				B6A3CDB32C5DD4B40001095A /* Sources */,
				B6A3CDB42C5DD4B40001095A /* Frameworks */,
				B6A3CDB52C5DD4B40001095A /* Resources */,
			);
			buildRules = (
			);
			dependencies = (
			);
			name = FlashMan;
			productName = FlashMan;
			productReference = B6A3CDB72C5DD4B40001095A /* FlashMan.app */;
			productType = "com.apple.product-type.application";
		};
/* End PBXNativeTarget section */

/* Begin PBXProject section */
		B6A3CDAF2C5DD4B40001095A /* Project object */ = {
			isa = PBXProject;
			attributes = {
				BuildIndependentTargetsInParallel = 1;
				LastSwiftUpdateCheck = 1540;
				LastUpgradeCheck = 1540;
				TargetAttributes = {
					B6A3CDB62C5DD4B40001095A = {
						CreatedOnToolsVersion = 15.4;
					};
				};
			};
			buildConfigurationList = B6A3CDB22C5DD4B40001095A /* Build configuration list for PBXProject "FlashMan" */;
			compatibilityVersion = "Xcode 14.0";
			developmentRegion = en;
			hasScannedForEncodings = 0;
			knownRegions = (
				en,
				Base,
			);
			mainGroup = B6A3CDAE2C5DD4B40001095A;
			productRefGroup = B6A3CDB82C5DD4B40001095A /* Products */;
			projectDirPath = "";
			projectRoot = "";
			targets = (
				B6A3CDB62C5DD4B40001095A /* FlashMan */,
			);
		};
/* End PBXProject section */

/* Begin PBXResourcesBuildPhase section */
		B6A3CDB52C5DD4B40001095A /* Resources */ = {
			isa = PBXResourcesBuildPhase;
			buildActionMask = 2147483647;
			files = (
				B6A3CDC72C5DD4B60001095A /* Assets.xcassets in Resources */,
				B6A3CDCA2C5DD4B60001095A /* Base in Resources */,
				B6A3CDC22C5DD4B40001095A /* Base in Resources */,
			);
			runOnlyForDeploymentPostprocessing = 0;
		};
/* End PBXResourcesBuildPhase section */

/* Begin PBXSourcesBuildPhase section */
		B6A3CDB32C5DD4B40001095A /* Sources */ = {
			isa = PBXSourcesBuildPhase;
			buildActionMask = 2147483647;
			files = (
				B6A3CDBF2C5DD4B40001095A /* ViewController.swift in Sources */,
				B6FF53DE2C69105400A42716 /* DataCollection.swift in Sources */,
				B6A3CDD22C5E2D120001095A /* HomeUITabbarController.swift in Sources */,
				B6FF53CD2C676ECC00A42716 /* MakeMoneyHeaderViewController.swift in Sources */,
				B6FF53D82C68CFF600A42716 /* TaskDetailController.swift in Sources */,
				B6FF53DB2C690B6F00A42716 /* NetworkManager.swift in Sources */,
				B68DA09A2C5F92C1003EA4F2 /* IndexPageViewController.swift in Sources */,
				B6FF53CB2C676E7800A42716 /* MakeMoneyViewController.swift in Sources */,
				B6FF53D62C68783800A42716 /* AdEntity.swift in Sources */,
				B6FF53CF2C676F7200A42716 /* MakeMoneyAdListViewContoller.swift in Sources */,
				B6A3CDBB2C5DD4B40001095A /* AppDelegate.swift in Sources */,
				B6FF53D42C6877A000A42716 /* AddTaskModel.swift in Sources */,
				B6FF53D12C677AD400A42716 /* TestUIViewContoller.swift in Sources */,
				B6A3CDBD2C5DD4B40001095A /* SceneDelegate.swift in Sources */,
				B6FF53E12C69127400A42716 /* ThreadFactory.swift in Sources */,
				B6A3CDC52C5DD4B40001095A /* FlashMan.xcdatamodeld in Sources */,
				B6FF53C92C6747AA00A42716 /* HomeContentPageViewCtl.swift in Sources */,
				B68DA09E2C5FAC5B003EA4F2 /* HomeMainViewCtrl.swift in Sources */,
			);
			runOnlyForDeploymentPostprocessing = 0;
		};
/* End PBXSourcesBuildPhase section */

/* Begin PBXVariantGroup section */
		B6A3CDC02C5DD4B40001095A /* Main.storyboard */ = {
			isa = PBXVariantGroup;
			children = (
				B6A3CDC12C5DD4B40001095A /* Base */,
			);
			name = Main.storyboard;
			sourceTree = "<group>";
		};
		B6A3CDC82C5DD4B60001095A /* LaunchScreen.storyboard */ = {
			isa = PBXVariantGroup;
			children = (
				B6A3CDC92C5DD4B60001095A /* Base */,
			);
			name = LaunchScreen.storyboard;
			sourceTree = "<group>";
		};
/* End PBXVariantGroup section */

/* Begin XCBuildConfiguration section */
		B6A3CDCC2C5DD4B60001095A /* Debug */ = {
			isa = XCBuildConfiguration;
			buildSettings = {
				ALWAYS_SEARCH_USER_PATHS = NO;
				ASSETCATALOG_COMPILER_GENERATE_SWIFT_ASSET_SYMBOL_EXTENSIONS = YES;
				CLANG_ANALYZER_NONNULL = YES;
				CLANG_ANALYZER_NUMBER_OBJECT_CONVERSION = YES_AGGRESSIVE;
				CLANG_CXX_LANGUAGE_STANDARD = "gnu++20";
				CLANG_ENABLE_MODULES = YES;
				CLANG_ENABLE_OBJC_ARC = YES;
				CLANG_ENABLE_OBJC_WEAK = YES;
				CLANG_WARN_BLOCK_CAPTURE_AUTORELEASING = YES;
				CLANG_WARN_BOOL_CONVERSION = YES;
				CLANG_WARN_COMMA = YES;
				CLANG_WARN_CONSTANT_CONVERSION = YES;
				CLANG_WARN_DEPRECATED_OBJC_IMPLEMENTATIONS = YES;
				CLANG_WARN_DIRECT_OBJC_ISA_USAGE = YES_ERROR;
				CLANG_WARN_DOCUMENTATION_COMMENTS = YES;
				CLANG_WARN_EMPTY_BODY = YES;
				CLANG_WARN_ENUM_CONVERSION = YES;
				CLANG_WARN_INFINITE_RECURSION = YES;
				CLANG_WARN_INT_CONVERSION = YES;
				CLANG_WARN_NON_LITERAL_NULL_CONVERSION = YES;
				CLANG_WARN_OBJC_IMPLICIT_RETAIN_SELF = YES;
				CLANG_WARN_OBJC_LITERAL_CONVERSION = YES;
				CLANG_WARN_OBJC_ROOT_CLASS = YES_ERROR;
				CLANG_WARN_QUOTED_INCLUDE_IN_FRAMEWORK_HEADER = YES;
				CLANG_WARN_RANGE_LOOP_ANALYSIS = YES;
				CLANG_WARN_STRICT_PROTOTYPES = YES;
				CLANG_WARN_SUSPICIOUS_MOVE = YES;
				CLANG_WARN_UNGUARDED_AVAILABILITY = YES_AGGRESSIVE;
				CLANG_WARN_UNREACHABLE_CODE = YES;
				CLANG_WARN__DUPLICATE_METHOD_MATCH = YES;
				COPY_PHASE_STRIP = NO;
				DEBUG_INFORMATION_FORMAT = dwarf;
				ENABLE_STRICT_OBJC_MSGSEND = YES;
				ENABLE_TESTABILITY = YES;
				ENABLE_USER_SCRIPT_SANDBOXING = YES;
				GCC_C_LANGUAGE_STANDARD = gnu17;
				GCC_DYNAMIC_NO_PIC = NO;
				GCC_NO_COMMON_BLOCKS = YES;
				GCC_OPTIMIZATION_LEVEL = 0;
				GCC_PREPROCESSOR_DEFINITIONS = (
					"DEBUG=1",
					"$(inherited)",
				);
				GCC_WARN_64_TO_32_BIT_CONVERSION = YES;
				GCC_WARN_ABOUT_RETURN_TYPE = YES_ERROR;
				GCC_WARN_UNDECLARED_SELECTOR = YES;
				GCC_WARN_UNINITIALIZED_AUTOS = YES_AGGRESSIVE;
				GCC_WARN_UNUSED_FUNCTION = YES;
				GCC_WARN_UNUSED_VARIABLE = YES;
				IPHONEOS_DEPLOYMENT_TARGET = 17.5;
				LOCALIZATION_PREFERS_STRING_CATALOGS = YES;
				MTL_ENABLE_DEBUG_INFO = INCLUDE_SOURCE;
				MTL_FAST_MATH = YES;
				ONLY_ACTIVE_ARCH = YES;
				SDKROOT = iphoneos;
				SWIFT_ACTIVE_COMPILATION_CONDITIONS = "DEBUG $(inherited)";
				SWIFT_OPTIMIZATION_LEVEL = "-Onone";
			};
			name = Debug;
		};
		B6A3CDCD2C5DD4B60001095A /* Release */ = {
			isa = XCBuildConfiguration;
			buildSettings = {
				ALWAYS_SEARCH_USER_PATHS = NO;
				ASSETCATALOG_COMPILER_GENERATE_SWIFT_ASSET_SYMBOL_EXTENSIONS = YES;
				CLANG_ANALYZER_NONNULL = YES;
				CLANG_ANALYZER_NUMBER_OBJECT_CONVERSION = YES_AGGRESSIVE;
				CLANG_CXX_LANGUAGE_STANDARD = "gnu++20";
				CLANG_ENABLE_MODULES = YES;
				CLANG_ENABLE_OBJC_ARC = YES;
				CLANG_ENABLE_OBJC_WEAK = YES;
				CLANG_WARN_BLOCK_CAPTURE_AUTORELEASING = YES;
				CLANG_WARN_BOOL_CONVERSION = YES;
				CLANG_WARN_COMMA = YES;
				CLANG_WARN_CONSTANT_CONVERSION = YES;
				CLANG_WARN_DEPRECATED_OBJC_IMPLEMENTATIONS = YES;
				CLANG_WARN_DIRECT_OBJC_ISA_USAGE = YES_ERROR;
				CLANG_WARN_DOCUMENTATION_COMMENTS = YES;
				CLANG_WARN_EMPTY_BODY = YES;
				CLANG_WARN_ENUM_CONVERSION = YES;
				CLANG_WARN_INFINITE_RECURSION = YES;
				CLANG_WARN_INT_CONVERSION = YES;
				CLANG_WARN_NON_LITERAL_NULL_CONVERSION = YES;
				CLANG_WARN_OBJC_IMPLICIT_RETAIN_SELF = YES;
				CLANG_WARN_OBJC_LITERAL_CONVERSION = YES;
				CLANG_WARN_OBJC_ROOT_CLASS = YES_ERROR;
				CLANG_WARN_QUOTED_INCLUDE_IN_FRAMEWORK_HEADER = YES;
				CLANG_WARN_RANGE_LOOP_ANALYSIS = YES;
				CLANG_WARN_STRICT_PROTOTYPES = YES;
				CLANG_WARN_SUSPICIOUS_MOVE = YES;
				CLANG_WARN_UNGUARDED_AVAILABILITY = YES_AGGRESSIVE;
				CLANG_WARN_UNREACHABLE_CODE = YES;
				CLANG_WARN__DUPLICATE_METHOD_MATCH = YES;
				COPY_PHASE_STRIP = NO;
				DEBUG_INFORMATION_FORMAT = "dwarf-with-dsym";
				ENABLE_NS_ASSERTIONS = NO;
				ENABLE_STRICT_OBJC_MSGSEND = YES;
				ENABLE_USER_SCRIPT_SANDBOXING = YES;
				GCC_C_LANGUAGE_STANDARD = gnu17;
				GCC_NO_COMMON_BLOCKS = YES;
				GCC_WARN_64_TO_32_BIT_CONVERSION = YES;
				GCC_WARN_ABOUT_RETURN_TYPE = YES_ERROR;
				GCC_WARN_UNDECLARED_SELECTOR = YES;
				GCC_WARN_UNINITIALIZED_AUTOS = YES_AGGRESSIVE;
				GCC_WARN_UNUSED_FUNCTION = YES;
				GCC_WARN_UNUSED_VARIABLE = YES;
				IPHONEOS_DEPLOYMENT_TARGET = 17.5;
				LOCALIZATION_PREFERS_STRING_CATALOGS = YES;
				MTL_ENABLE_DEBUG_INFO = NO;
				MTL_FAST_MATH = YES;
				SDKROOT = iphoneos;
				SWIFT_COMPILATION_MODE = wholemodule;
				VALIDATE_PRODUCT = YES;
			};
			name = Release;
		};
		B6A3CDCF2C5DD4B60001095A /* Debug */ = {
			isa = XCBuildConfiguration;
			buildSettings = {
				ASSETCATALOG_COMPILER_APPICON_NAME = AppIcon;
				ASSETCATALOG_COMPILER_GLOBAL_ACCENT_COLOR_NAME = AccentColor;
				CODE_SIGN_STYLE = Automatic;
				CURRENT_PROJECT_VERSION = 1;
				DEVELOPMENT_TEAM = D22H6Y4JK4;
				GENERATE_INFOPLIST_FILE = YES;
				INFOPLIST_FILE = FlashMan/Info.plist;
				INFOPLIST_KEY_UIApplicationSupportsIndirectInputEvents = YES;
				INFOPLIST_KEY_UILaunchStoryboardName = LaunchScreen;
				INFOPLIST_KEY_UIMainStoryboardFile = Main;
				INFOPLIST_KEY_UISupportedInterfaceOrientations_iPad = "UIInterfaceOrientationPortrait UIInterfaceOrientationPortraitUpsideDown UIInterfaceOrientationLandscapeLeft UIInterfaceOrientationLandscapeRight";
				INFOPLIST_KEY_UISupportedInterfaceOrientations_iPhone = "UIInterfaceOrientationPortrait UIInterfaceOrientationLandscapeLeft UIInterfaceOrientationLandscapeRight";
				LD_RUNPATH_SEARCH_PATHS = (
					"$(inherited)",
					"@executable_path/Frameworks",
				);
				MARKETING_VERSION = 1.0;
				PRODUCT_BUNDLE_IDENTIFIER = com.smart.delong.FlashMan;
				PRODUCT_NAME = "$(TARGET_NAME)";
				SWIFT_EMIT_LOC_STRINGS = YES;
				SWIFT_VERSION = 5.0;
				TARGETED_DEVICE_FAMILY = "1,2";
			};
			name = Debug;
		};
		B6A3CDD02C5DD4B60001095A /* Release */ = {
			isa = XCBuildConfiguration;
			buildSettings = {
				ASSETCATALOG_COMPILER_APPICON_NAME = AppIcon;
				ASSETCATALOG_COMPILER_GLOBAL_ACCENT_COLOR_NAME = AccentColor;
				CODE_SIGN_STYLE = Automatic;
				CURRENT_PROJECT_VERSION = 1;
				DEVELOPMENT_TEAM = D22H6Y4JK4;
				GENERATE_INFOPLIST_FILE = YES;
				INFOPLIST_FILE = FlashMan/Info.plist;
				INFOPLIST_KEY_UIApplicationSupportsIndirectInputEvents = YES;
				INFOPLIST_KEY_UILaunchStoryboardName = LaunchScreen;
				INFOPLIST_KEY_UIMainStoryboardFile = Main;
				INFOPLIST_KEY_UISupportedInterfaceOrientations_iPad = "UIInterfaceOrientationPortrait UIInterfaceOrientationPortraitUpsideDown UIInterfaceOrientationLandscapeLeft UIInterfaceOrientationLandscapeRight";
				INFOPLIST_KEY_UISupportedInterfaceOrientations_iPhone = "UIInterfaceOrientationPortrait UIInterfaceOrientationLandscapeLeft UIInterfaceOrientationLandscapeRight";
				LD_RUNPATH_SEARCH_PATHS = (
					"$(inherited)",
					"@executable_path/Frameworks",
				);
				MARKETING_VERSION = 1.0;
				PRODUCT_BUNDLE_IDENTIFIER = com.smart.delong.FlashMan;
				PRODUCT_NAME = "$(TARGET_NAME)";
				SWIFT_EMIT_LOC_STRINGS = YES;
				SWIFT_VERSION = 5.0;
				TARGETED_DEVICE_FAMILY = "1,2";
			};
			name = Release;
		};
/* End XCBuildConfiguration section */

/* Begin XCConfigurationList section */
		B6A3CDB22C5DD4B40001095A /* Build configuration list for PBXProject "FlashMan" */ = {
			isa = XCConfigurationList;
			buildConfigurations = (
				B6A3CDCC2C5DD4B60001095A /* Debug */,
				B6A3CDCD2C5DD4B60001095A /* Release */,
			);
			defaultConfigurationIsVisible = 0;
			defaultConfigurationName = Release;
		};
		B6A3CDCE2C5DD4B60001095A /* Build configuration list for PBXNativeTarget "FlashMan" */ = {
			isa = XCConfigurationList;
			buildConfigurations = (
				B6A3CDCF2C5DD4B60001095A /* Debug */,
				B6A3CDD02C5DD4B60001095A /* Release */,
			);
			defaultConfigurationIsVisible = 0;
			defaultConfigurationName = Release;
		};
/* End XCConfigurationList section */

/* Begin XCVersionGroup section */
		B6A3CDC32C5DD4B40001095A /* FlashMan.xcdatamodeld */ = {
			isa = XCVersionGroup;
			children = (
				B6A3CDC42C5DD4B40001095A /* FlashMan.xcdatamodel */,
			);
			currentVersion = B6A3CDC42C5DD4B40001095A /* FlashMan.xcdatamodel */;
			path = FlashMan.xcdatamodeld;
			sourceTree = "<group>";
			versionGroupType = wrapper.xcdatamodel;
		};
/* End XCVersionGroup section */
	};
	rootObject = B6A3CDAF2C5DD4B40001095A /* Project object */;
}
